
Microsoft Visual Studio Solution File, Format Version 12.00
# Visual Studio Version 17
VisualStudioVersion = 17.7.34031.279
MinimumVisualStudioVersion = 10.0.40219.1
Project("{9A19103F-16F7-4668-BE54-9A1E7A4F7556}") = "Unbe.Algebra", "Unbe.Algebra\Unbe.Algebra.csproj", "{03A093F2-2C79-4075-A28C-9CAC56F67FFE}"
EndProject
Project("{9A19103F-16F7-4668-BE54-9A1E7A4F7556}") = "Unbe.Algebra.CodeGen", "Unbe.Algebra.CodeGen\Unbe.Algebra.CodeGen.csproj", "{96127088-2D94-4EC5-AE86-58B13A6EBB9F}"
EndProject
Project("{9A19103F-16F7-4668-BE54-9A1E7A4F7556}") = "Unbe.Algebra.Tests", "Unbe.Algebra.Tests\Unbe.Algebra.Tests.csproj", "{48132EB5-CA98-46DB-B0DB-6EA51F94FC72}"
EndProject
Project("{2150E333-8FDC-42A3-9474-1A3956D46DE8}") = "Solution Items", "Solution Items", "{9926BD95-4A68-4034-BA3A-324C804AE28A}"
	ProjectSection(SolutionItems) = preProject
		.editorconfig = .editorconfig
	EndProjectSection
EndProject
Project("{FAE04EC0-301F-11D3-BF4B-00C04F79EFBC}") = "Unbe.Algebra.Json", "Unbe.Algebra.Json\Unbe.Algebra.Json.csproj", "{A0F71209-9308-46F6-8DB6-A4777D62DE17}"
EndProject
Global
	GlobalSection(SolutionConfigurationPlatforms) = preSolution
		Debug|Any CPU = Debug|Any CPU
		Release|Any CPU = Release|Any CPU
	EndGlobalSection
	GlobalSection(ProjectConfigurationPlatforms) = postSolution
		{03A093F2-2C79-4075-A28C-9CAC56F67FFE}.Debug|Any CPU.ActiveCfg = Debug|Any CPU
		{03A093F2-2C79-4075-A28C-9CAC56F67FFE}.Debug|Any CPU.Build.0 = Debug|Any CPU
		{03A093F2-2C79-4075-A28C-9CAC56F67FFE}.Release|Any CPU.ActiveCfg = Release|Any CPU
		{03A093F2-2C79-4075-A28C-9CAC56F67FFE}.Release|Any CPU.Build.0 = Release|Any CPU
		{96127088-2D94-4EC5-AE86-58B13A6EBB9F}.Debug|Any CPU.ActiveCfg = Debug|Any CPU
		{96127088-2D94-4EC5-AE86-58B13A6EBB9F}.Debug|Any CPU.Build.0 = Debug|Any CPU
		{96127088-2D94-4EC5-AE86-58B13A6EBB9F}.Release|Any CPU.ActiveCfg = Release|Any CPU
		{96127088-2D94-4EC5-AE86-58B13A6EBB9F}.Release|Any CPU.Build.0 = Release|Any CPU
		{48132EB5-CA98-46DB-B0DB-6EA51F94FC72}.Debug|Any CPU.ActiveCfg = Debug|Any CPU
		{48132EB5-CA98-46DB-B0DB-6EA51F94FC72}.Debug|Any CPU.Build.0 = Debug|Any CPU
		{48132EB5-CA98-46DB-B0DB-6EA51F94FC72}.Release|Any CPU.ActiveCfg = Release|Any CPU
		{48132EB5-CA98-46DB-B0DB-6EA51F94FC72}.Release|Any CPU.Build.0 = Release|Any CPU
		{A0F71209-9308-46F6-8DB6-A4777D62DE17}.Debug|Any CPU.ActiveCfg = Debug|Any CPU
		{A0F71209-9308-46F6-8DB6-A4777D62DE17}.Debug|Any CPU.Build.0 = Debug|Any CPU
		{A0F71209-9308-46F6-8DB6-A4777D62DE17}.Release|Any CPU.ActiveCfg = Release|Any CPU
		{A0F71209-9308-46F6-8DB6-A4777D62DE17}.Release|Any CPU.Build.0 = Release|Any CPU
	EndGlobalSection
	GlobalSection(SolutionProperties) = preSolution
		HideSolutionNode = FALSE
	EndGlobalSection
	GlobalSection(ExtensibilityGlobals) = postSolution
		SolutionGuid = {E97263C2-9019-4482-B249-E545D1C5159A}
	EndGlobalSection
EndGlobal
