
Microsoft Visual Studio Solution File, Format Version 12.00
# Visual Studio Version 17
VisualStudioVersion = 17.7.34031.279
MinimumVisualStudioVersion = 10.0.40219.1
Project("{9A19103F-16F7-4668-BE54-9A1E7A4F7556}") = "Unbe.Math", "Unbe.Math\Unbe.Math.csproj", "{C9C82FEF-A125-4CC5-A980-8A327D9954B2}"
EndProject
Project("{9A19103F-16F7-4668-BE54-9A1E7A4F7556}") = "Unbe.Math.Generator", "Unbe.Math.Generator\Unbe.Math.Generator.csproj", "{ABFC261D-2432-4AD6-A1A5-E17996649396}"
EndProject
Global
	GlobalSection(SolutionConfigurationPlatforms) = preSolution
		Debug|Any CPU = Debug|Any CPU
		Release|Any CPU = Release|Any CPU
	EndGlobalSection
	GlobalSection(ProjectConfigurationPlatforms) = postSolution
		{C9C82FEF-A125-4CC5-A980-8A327D9954B2}.Debug|Any CPU.ActiveCfg = Debug|Any CPU
		{C9C82FEF-A125-4CC5-A980-8A327D9954B2}.Debug|Any CPU.Build.0 = Debug|Any CPU
		{C9C82FEF-A125-4CC5-A980-8A327D9954B2}.Release|Any CPU.ActiveCfg = Release|Any CPU
		{C9C82FEF-A125-4CC5-A980-8A327D9954B2}.Release|Any CPU.Build.0 = Release|Any CPU
		{ABFC261D-2432-4AD6-A1A5-E17996649396}.Debug|Any CPU.ActiveCfg = Debug|Any CPU
		{ABFC261D-2432-4AD6-A1A5-E17996649396}.Debug|Any CPU.Build.0 = Debug|Any CPU
		{ABFC261D-2432-4AD6-A1A5-E17996649396}.Release|Any CPU.ActiveCfg = Release|Any CPU
		{ABFC261D-2432-4AD6-A1A5-E17996649396}.Release|Any CPU.Build.0 = Release|Any CPU
	EndGlobalSection
	GlobalSection(SolutionProperties) = preSolution
		HideSolutionNode = FALSE
	EndGlobalSection
	GlobalSection(ExtensibilityGlobals) = postSolution
		SolutionGuid = {E97263C2-9019-4482-B249-E545D1C5159A}
	EndGlobalSection
EndGlobal
